
Microsoft Visual Studio Solution File, Format Version 12.00
# Visual Studio 15
VisualStudioVersion = 15.0.27428.2037
MinimumVisualStudioVersion = 10.0.40219.1
Project("{FAE04EC0-301F-11D3-BF4B-00C04F79EFBC}") = "core", "src\core\core.csproj", "{91D740E4-31ED-48EC-9909-DA076AB04DFC}"
EndProject
Project("{FAE04EC0-301F-11D3-BF4B-00C04F79EFBC}") = "bot", "src\bot\bot.csproj", "{D9C1F3B1-E5A4-4B22-98DF-53AE93809296}"
EndProject
#Project("{FAE04EC0-301F-11D3-BF4B-00C04F79EFBC}") = "extractor", "src\extractor\extractor.csproj", "{A2BBEF91-68D2-4058-8585-2AEAD265882C}"
#EndProject

Global
	GlobalSection(SolutionConfigurationPlatforms) = preSolution
		Debug|Any CPU = Debug|Any CPU
		Release|Any CPU = Release|Any CPU
	EndGlobalSection
	GlobalSection(ProjectConfigurationPlatforms) = postSolution
		{91D740E4-31ED-48EC-9909-DA076AB04DFC}.Debug|Any CPU.ActiveCfg = Debug|Any CPU
		{91D740E4-31ED-48EC-9909-DA076AB04DFC}.Debug|Any CPU.Build.0 = Debug|Any CPU
		{91D740E4-31ED-48EC-9909-DA076AB04DFC}.Release|Any CPU.ActiveCfg = Release|Any CPU
		{91D740E4-31ED-48EC-9909-DA076AB04DFC}.Release|Any CPU.Build.0 = Release|Any CPU
		{D9C1F3B1-E5A4-4B22-98DF-53AE93809296}.Debug|Any CPU.ActiveCfg = Debug|Any CPU
		{D9C1F3B1-E5A4-4B22-98DF-53AE93809296}.Debug|Any CPU.Build.0 = Debug|Any CPU
		{D9C1F3B1-E5A4-4B22-98DF-53AE93809296}.Release|Any CPU.ActiveCfg = Release|Any CPU
		{D9C1F3B1-E5A4-4B22-98DF-53AE93809296}.Release|Any CPU.Build.0 = Release|Any CPU
#		{A2BBEF91-68D2-4058-8585-2AEAD265882C}.Debug|Any CPU.ActiveCfg = Debug|Any CPU
#		{A2BBEF91-68D2-4058-8585-2AEAD265882C}.Debug|Any CPU.Build.0 = Debug|Any CPU
#		{A2BBEF91-68D2-4058-8585-2AEAD265882C}.Release|Any CPU.ActiveCfg = Release|Any CPU
#		{A2BBEF91-68D2-4058-8585-2AEAD265882C}.Release|Any CPU.Build.0 = Release|Any CPU
	EndGlobalSection
	GlobalSection(SolutionProperties) = preSolution
		HideSolutionNode = FALSE
	EndGlobalSection
	GlobalSection(ExtensibilityGlobals) = postSolution
		SolutionGuid = {50E4866E-8A8D-4A5B-A12F-50B93A12FF3E}
	EndGlobalSection
EndGlobal
